// !$*UTF8*$!
{
	archiveVersion = 1;
	classes = {
	};
	objectVersion = 77;
	objects = {

/* Begin PBXBuildFile section */
		8C48C7492FA3F56E00E8D0E1 /* SelectionView.swift in Sources */ = {isa = PBXBuildFile; fileRef = 8C48C7482FA3F53200E8D0E1 /* SelectionView.swift */; };
		8C48C74F2FA3F76600E8D0E1 /* FindResponse.swift in Sources */ = {isa = PBXBuildFile; fileRef = 8C48C74C2FA3F66C00E8D0E1 /* FindResponse.swift */; };
		8C48C7502FA3F76600E8D0E1 /* Vehicle.swift in Sources */ = {isa = PBXBuildFile; fileRef = 8C48C74B2FA3F62B00E8D0E1 /* Vehicle.swift */; };
		8C48C7512FA3F76600E8D0E1 /* Planet.swift in Sources */ = {isa = PBXBuildFile; fileRef = 8C48C74A2FA3F5EC00E8D0E1 /* Planet.swift */; };
		8C48C7522FA3F76600E8D0E1 /* ApiService.swift in Sources */ = {isa = PBXBuildFile; fileRef = 8C48C74D2FA3F6AD00E8D0E1 /* ApiService.swift */; };
		8C48C7532FA3F76600E8D0E1 /* FalconeViewModel.swift in Sources */ = {isa = PBXBuildFile; fileRef = 8C48C74E2FA3F74000E8D0E1 /* FalconeViewModel.swift */; };
		8C48C7552FA3FBB600E8D0E1 /* ResultView.swift in Sources */ = {isa = PBXBuildFile; fileRef = 8C48C7542FA3FBB300E8D0E1 /* ResultView.swift */; };
		8C48C7572FA4000000E8D0E1 /* Destination.swift in Sources */ = {isa = PBXBuildFile; fileRef = 8C48C7562FA4000000E8D0E1 /* Destination.swift */; };
		8C48C7592FA4000000E8D0E1 /* APIError.swift in Sources */ = {isa = PBXBuildFile; fileRef = 8C48C7582FA4000000E8D0E1 /* APIError.swift */; };
		8C48C75B2FA4000000E8D0E1 /* FalconeAPIProtocol.swift in Sources */ = {isa = PBXBuildFile; fileRef = 8C48C75A2FA4000000E8D0E1 /* FalconeAPIProtocol.swift */; };
		8C48C75D2FA4000000E8D0E1 /* AppHeader.swift in Sources */ = {isa = PBXBuildFile; fileRef = 8C48C75C2FA4000000E8D0E1 /* AppHeader.swift */; };
/* End PBXBuildFile section */

/* Begin PBXFileReference section */
		8C48C7332FA3F4D000E8D0E1 /* FindingFalcone.app */ = {isa = PBXFileReference; explicitFileType = wrapper.application; includeInIndex = 0; path = FindingFalcone.app; sourceTree = BUILT_PRODUCTS_DIR; };
		8C48C7482FA3F53200E8D0E1 /* SelectionView.swift */ = {isa = PBXFileReference; lastKnownFileType = sourcecode.swift; path = SelectionView.swift; sourceTree = "<group>"; };
		8C48C74A2FA3F5EC00E8D0E1 /* Planet.swift */ = {isa = PBXFileReference; lastKnownFileType = sourcecode.swift; path = Planet.swift; sourceTree = "<group>"; };
		8C48C74B2FA3F62B00E8D0E1 /* Vehicle.swift */ = {isa = PBXFileReference; lastKnownFileType = sourcecode.swift; path = Vehicle.swift; sourceTree = "<group>"; };
		8C48C74C2FA3F66C00E8D0E1 /* FindResponse.swift */ = {isa = PBXFileReference; lastKnownFileType = sourcecode.swift; path = FindResponse.swift; sourceTree = "<group>"; };
		8C48C74D2FA3F6AD00E8D0E1 /* ApiService.swift */ = {isa = PBXFileReference; lastKnownFileType = sourcecode.swift; path = ApiService.swift; sourceTree = "<group>"; };
		8C48C74E2FA3F74000E8D0E1 /* FalconeViewModel.swift */ = {isa = PBXFileReference; lastKnownFileType = sourcecode.swift; path = FalconeViewModel.swift; sourceTree = "<group>"; };
		8C48C7542FA3FBB300E8D0E1 /* ResultView.swift */ = {isa = PBXFileReference; lastKnownFileType = sourcecode.swift; path = ResultView.swift; sourceTree = "<group>"; };
		8C48C7562FA4000000E8D0E1 /* Destination.swift */ = {isa = PBXFileReference; lastKnownFileType = sourcecode.swift; path = Destination.swift; sourceTree = "<group>"; };
		8C48C7582FA4000000E8D0E1 /* APIError.swift */ = {isa = PBXFileReference; lastKnownFileType = sourcecode.swift; path = APIError.swift; sourceTree = "<group>"; };
		8C48C75A2FA4000000E8D0E1 /* FalconeAPIProtocol.swift */ = {isa = PBXFileReference; lastKnownFileType = sourcecode.swift; path = FalconeAPIProtocol.swift; sourceTree = "<group>"; };
		8C48C75C2FA4000000E8D0E1 /* AppHeader.swift */ = {isa = PBXFileReference; lastKnownFileType = sourcecode.swift; path = AppHeader.swift; sourceTree = "<group>"; };
/* End PBXFileReference section */

/* Begin PBXFileSystemSynchronizedRootGroup section */
		8C48C7352FA3F4D000E8D0E1 /* FindingFalcone */ = {
			isa = PBXFileSystemSynchronizedRootGroup;
			path = FindingFalcone;
			sourceTree = "<group>";
		};
/* End PBXFileSystemSynchronizedRootGroup section */

/* Begin PBXFrameworksBuildPhase section */
		8C48C7302FA3F4D000E8D0E1 /* Frameworks */ = {
			isa = PBXFrameworksBuildPhase;
			buildActionMask = 2147483647;
			files = (
			);
			runOnlyForDeploymentPostprocessing = 0;
		};
/* End PBXFrameworksBuildPhase section */

/* Begin PBXGroup section */
		8C48C72A2FA3F4D000E8D0E1 = {
			isa = PBXGroup;
			children = (
				8C48C7472FA3F50A00E8D0E1 /* Model */,
				8C48C7462FA3F4F700E8D0E1 /* Services */,
				8C48C7452FA3F4EF00E8D0E1 /* ViewModel */,
				8C48C7442FA3F4EA00E8D0E1 /* Views */,
				8C48C7352FA3F4D000E8D0E1 /* FindingFalcone */,
				8C48C7342FA3F4D000E8D0E1 /* Products */,
			);
			sourceTree = "<group>";
		};
		8C48C7342FA3F4D000E8D0E1 /* Products */ = {
			isa = PBXGroup;
			children = (
				8C48C7332FA3F4D000E8D0E1 /* FindingFalcone.app */,
			);
			name = Products;
			sourceTree = "<group>";
		};
		8C48C7442FA3F4EA00E8D0E1 /* Views */ = {
			isa = PBXGroup;
			children = (
				8C48C75C2FA4000000E8D0E1 /* AppHeader.swift */,
				8C48C7482FA3F53200E8D0E1 /* SelectionView.swift */,
				8C48C7542FA3FBB300E8D0E1 /* ResultView.swift */,
			);
			path = Views;
			sourceTree = "<group>";
		};
		8C48C7452FA3F4EF00E8D0E1 /* ViewModel */ = {
			isa = PBXGroup;
			children = (
				8C48C74E2FA3F74000E8D0E1 /* FalconeViewModel.swift */,
			);
			path = ViewModel;
			sourceTree = "<group>";
		};
		8C48C7462FA3F4F700E8D0E1 /* Services */ = {
			isa = PBXGroup;
			children = (
				8C48C7582FA4000000E8D0E1 /* APIError.swift */,
				8C48C75A2FA4000000E8D0E1 /* FalconeAPIProtocol.swift */,
				8C48C74D2FA3F6AD00E8D0E1 /* ApiService.swift */,
			);
			path = Services;
			sourceTree = "<group>";
		};
		8C48C7472FA3F50A00E8D0E1 /* Model */ = {
			isa = PBXGroup;
			children = (
				8C48C7562FA4000000E8D0E1 /* Destination.swift */,
				8C48C74C2FA3F66C00E8D0E1 /* FindResponse.swift */,
				8C48C74B2FA3F62B00E8D0E1 /* Vehicle.swift */,
				8C48C74A2FA3F5EC00E8D0E1 /* Planet.swift */,
			);
			path = Model;
			sourceTree = "<group>";
		};
/* End PBXGroup section */

/* Begin PBXNativeTarget section */
		8C48C7322FA3F4D000E8D0E1 /* FindingFalcone */ = {
			isa = PBXNativeTarget;
			buildConfigurationList = 8C48C7412FA3F4D200E8D0E1 /* Build configuration list for PBXNativeTarget "FindingFalcone" */;
			buildPhases = (
				8C48C72F2FA3F4D000E8D0E1 /* Sources */,
				8C48C7302FA3F4D000E8D0E1 /* Frameworks */,
				8C48C7312FA3F4D000E8D0E1 /* Resources */,
			);
			buildRules = (
			);
			dependencies = (
			);
			fileSystemSynchronizedGroups = (
				8C48C7352FA3F4D000E8D0E1 /* FindingFalcone */,
			);
			name = FindingFalcone;
			packageProductDependencies = (
			);
			productName = FindingFalcone;
			productReference = 8C48C7332FA3F4D000E8D0E1 /* FindingFalcone.app */;
			productType = "com.apple.product-type.application";
		};
/* End PBXNativeTarget section */

/* Begin PBXProject section */
		8C48C72B2FA3F4D000E8D0E1 /* Project object */ = {
			isa = PBXProject;
			attributes = {
				BuildIndependentTargetsInParallel = 1;
				LastSwiftUpdateCheck = 1620;
				LastUpgradeCheck = 1620;
				TargetAttributes = {
					8C48C7322FA3F4D000E8D0E1 = {
						CreatedOnToolsVersion = 16.2;
					};
				};
			};
			buildConfigurationList = 8C48C72E2FA3F4D000E8D0E1 /* Build configuration list for PBXProject "FindingFalcone" */;
			developmentRegion = en;
			hasScannedForEncodings = 0;
			knownRegions = (
				en,
				Base,
			);
			mainGroup = 8C48C72A2FA3F4D000E8D0E1;
			minimizedProjectReferenceProxies = 1;
			preferredProjectObjectVersion = 77;
			productRefGroup = 8C48C7342FA3F4D000E8D0E1 /* Products */;
			projectDirPath = "";
			projectRoot = "";
			targets = (
				8C48C7322FA3F4D000E8D0E1 /* FindingFalcone */,
			);
		};
/* End PBXProject section */

/* Begin PBXResourcesBuildPhase section */
		8C48C7312FA3F4D000E8D0E1 /* Resources */ = {
			isa = PBXResourcesBuildPhase;
			buildActionMask = 2147483647;
			files = (
			);
			runOnlyForDeploymentPostprocessing = 0;
		};
/* End PBXResourcesBuildPhase section */

/* Begin PBXSourcesBuildPhase section */
		8C48C72F2FA3F4D000E8D0E1 /* Sources */ = {
			isa = PBXSourcesBuildPhase;
			buildActionMask = 2147483647;
			files = (
				8C48C74F2FA3F76600E8D0E1 /* FindResponse.swift in Sources */,
				8C48C7502FA3F76600E8D0E1 /* Vehicle.swift in Sources */,
				8C48C7512FA3F76600E8D0E1 /* Planet.swift in Sources */,
				8C48C7522FA3F76600E8D0E1 /* ApiService.swift in Sources */,
				8C48C7532FA3F76600E8D0E1 /* FalconeViewModel.swift in Sources */,
				8C48C7552FA3FBB600E8D0E1 /* ResultView.swift in Sources */,
				8C48C7492FA3F56E00E8D0E1 /* SelectionView.swift in Sources */,
				8C48C7572FA4000000E8D0E1 /* Destination.swift in Sources */,
				8C48C7592FA4000000E8D0E1 /* APIError.swift in Sources */,
				8C48C75B2FA4000000E8D0E1 /* FalconeAPIProtocol.swift in Sources */,
				8C48C75D2FA4000000E8D0E1 /* AppHeader.swift in Sources */,
			);
			runOnlyForDeploymentPostprocessing = 0;
		};
/* End PBXSourcesBuildPhase section */

/* Begin XCBuildConfiguration section */
		8C48C73F2FA3F4D200E8D0E1 /* Debug */ = {
			isa = XCBuildConfiguration;
			buildSettings = {
				ALWAYS_SEARCH_USER_PATHS = NO;
				ASSETCATALOG_COMPILER_GENERATE_SWIFT_ASSET_SYMBOL_EXTENSIONS = YES;
				CLANG_ANALYZER_NONNULL = YES;
				CLANG_ANALYZER_NUMBER_OBJECT_CONVERSION = YES_AGGRESSIVE;
				CLANG_CXX_LANGUAGE_STANDARD = "gnu++20";
				CLANG_ENABLE_MODULES = YES;
				CLANG_ENABLE_OBJC_ARC = YES;
				CLANG_ENABLE_OBJC_WEAK = YES;
				CLANG_WARN_BLOCK_CAPTURE_AUTORELEASING = YES;
				CLANG_WARN_BOOL_CONVERSION = YES;
				CLANG_WARN_COMMA = YES;
				CLANG_WARN_CONSTANT_CONVERSION = YES;
				CLANG_WARN_DEPRECATED_OBJC_IMPLEMENTATIONS = YES;
				CLANG_WARN_DIRECT_OBJC_ISA_USAGE = YES_ERROR;
				CLANG_WARN_DOCUMENTATION_COMMENTS = YES;
				CLANG_WARN_EMPTY_BODY = YES;
				CLANG_WARN_ENUM_CONVERSION = YES;
				CLANG_WARN_INFINITE_RECURSION = YES;
				CLANG_WARN_INT_CONVERSION = YES;
				CLANG_WARN_NON_LITERAL_NULL_CONVERSION = YES;
				CLANG_WARN_OBJC_IMPLICIT_RETAIN_SELF = YES;
				CLANG_WARN_OBJC_LITERAL_CONVERSION = YES;
				CLANG_WARN_OBJC_ROOT_CLASS = YES_ERROR;
				CLANG_WARN_QUOTED_INCLUDE_IN_FRAMEWORK_HEADER = YES;
				CLANG_WARN_RANGE_LOOP_ANALYSIS = YES;
				CLANG_WARN_STRICT_PROTOTYPES = YES;
				CLANG_WARN_SUSPICIOUS_MOVE = YES;
				CLANG_WARN_UNGUARDED_AVAILABILITY = YES_AGGRESSIVE;
				CLANG_WARN_UNREACHABLE_CODE = YES;
				CLANG_WARN__DUPLICATE_METHOD_MATCH = YES;
				COPY_PHASE_STRIP = NO;
				DEBUG_INFORMATION_FORMAT = dwarf;
				ENABLE_STRICT_OBJC_MSGSEND = YES;
				ENABLE_TESTABILITY = YES;
				ENABLE_USER_SCRIPT_SANDBOXING = YES;
				GCC_C_LANGUAGE_STANDARD = gnu17;
				GCC_DYNAMIC_NO_PIC = NO;
				GCC_NO_COMMON_BLOCKS = YES;
				GCC_OPTIMIZATION_LEVEL = 0;
				GCC_PREPROCESSOR_DEFINITIONS = (
					"DEBUG=1",
					"$(inherited)",
				);
				GCC_WARN_64_TO_32_BIT_CONVERSION = YES;
				GCC_WARN_ABOUT_RETURN_TYPE = YES_ERROR;
				GCC_WARN_UNDECLARED_SELECTOR = YES;
				GCC_WARN_UNINITIALIZED_AUTOS = YES_AGGRESSIVE;
				GCC_WARN_UNUSED_FUNCTION = YES;
				GCC_WARN_UNUSED_VARIABLE = YES;
				IPHONEOS_DEPLOYMENT_TARGET = 18.2;
				LOCALIZATION_PREFERS_STRING_CATALOGS = YES;
				MTL_ENABLE_DEBUG_INFO = INCLUDE_SOURCE;
				MTL_FAST_MATH = YES;
				ONLY_ACTIVE_ARCH = YES;
				SDKROOT = iphoneos;
				SWIFT_ACTIVE_COMPILATION_CONDITIONS = "DEBUG $(inherited)";
				SWIFT_OPTIMIZATION_LEVEL = "-Onone";
			};
			name = Debug;
		};
		8C48C7402FA3F4D200E8D0E1 /* Release */ = {
			isa = XCBuildConfiguration;
			buildSettings = {
				ALWAYS_SEARCH_USER_PATHS = NO;
				ASSETCATALOG_COMPILER_GENERATE_SWIFT_ASSET_SYMBOL_EXTENSIONS = YES;
				CLANG_ANALYZER_NONNULL = YES;
				CLANG_ANALYZER_NUMBER_OBJECT_CONVERSION = YES_AGGRESSIVE;
				CLANG_CXX_LANGUAGE_STANDARD = "gnu++20";
				CLANG_ENABLE_MODULES = YES;
				CLANG_ENABLE_OBJC_ARC = YES;
				CLANG_ENABLE_OBJC_WEAK = YES;
				CLANG_WARN_BLOCK_CAPTURE_AUTORELEASING = YES;
				CLANG_WARN_BOOL_CONVERSION = YES;
				CLANG_WARN_COMMA = YES;
				CLANG_WARN_CONSTANT_CONVERSION = YES;
				CLANG_WARN_DEPRECATED_OBJC_IMPLEMENTATIONS = YES;
				CLANG_WARN_DIRECT_OBJC_ISA_USAGE = YES_ERROR;
				CLANG_WARN_DOCUMENTATION_COMMENTS = YES;
				CLANG_WARN_EMPTY_BODY = YES;
				CLANG_WARN_ENUM_CONVERSION = YES;
				CLANG_WARN_INFINITE_RECURSION = YES;
				CLANG_WARN_INT_CONVERSION = YES;
				CLANG_WARN_NON_LITERAL_NULL_CONVERSION = YES;
				CLANG_WARN_OBJC_IMPLICIT_RETAIN_SELF = YES;
				CLANG_WARN_OBJC_LITERAL_CONVERSION = YES;
				CLANG_WARN_OBJC_ROOT_CLASS = YES_ERROR;
				CLANG_WARN_QUOTED_INCLUDE_IN_FRAMEWORK_HEADER = YES;
				CLANG_WARN_RANGE_LOOP_ANALYSIS = YES;
				CLANG_WARN_STRICT_PROTOTYPES = YES;
				CLANG_WARN_SUSPICIOUS_MOVE = YES;
				CLANG_WARN_UNGUARDED_AVAILABILITY = YES_AGGRESSIVE;
				CLANG_WARN_UNREACHABLE_CODE = YES;
				CLANG_WARN__DUPLICATE_METHOD_MATCH = YES;
				COPY_PHASE_STRIP = NO;
				DEBUG_INFORMATION_FORMAT = "dwarf-with-dsym";
				ENABLE_NS_ASSERTIONS = NO;
				ENABLE_STRICT_OBJC_MSGSEND = YES;
				ENABLE_USER_SCRIPT_SANDBOXING = YES;
				GCC_C_LANGUAGE_STANDARD = gnu17;
				GCC_NO_COMMON_BLOCKS = YES;
				GCC_WARN_64_TO_32_BIT_CONVERSION = YES;
				GCC_WARN_ABOUT_RETURN_TYPE = YES_ERROR;
				GCC_WARN_UNDECLARED_SELECTOR = YES;
				GCC_WARN_UNINITIALIZED_AUTOS = YES_AGGRESSIVE;
				GCC_WARN_UNUSED_FUNCTION = YES;
				GCC_WARN_UNUSED_VARIABLE = YES;
				IPHONEOS_DEPLOYMENT_TARGET = 18.2;
				LOCALIZATION_PREFERS_STRING_CATALOGS = YES;
				MTL_ENABLE_DEBUG_INFO = NO;
				MTL_FAST_MATH = YES;
				SDKROOT = iphoneos;
				SWIFT_COMPILATION_MODE = wholemodule;
				VALIDATE_PRODUCT = YES;
			};
			name = Release;
		};
		8C48C7422FA3F4D200E8D0E1 /* Debug */ = {
			isa = XCBuildConfiguration;
			buildSettings = {
				ASSETCATALOG_COMPILER_APPICON_NAME = AppIcon;
				ASSETCATALOG_COMPILER_GLOBAL_ACCENT_COLOR_NAME = AccentColor;
				CODE_SIGN_STYLE = Automatic;
				CURRENT_PROJECT_VERSION = 1;
				DEVELOPMENT_ASSET_PATHS = "\"FindingFalcone/Preview Content\"";
				ENABLE_PREVIEWS = YES;
				GENERATE_INFOPLIST_FILE = YES;
				INFOPLIST_KEY_UIApplicationSceneManifest_Generation = YES;
				INFOPLIST_KEY_UIApplicationSupportsIndirectInputEvents = YES;
				INFOPLIST_KEY_UILaunchScreen_Generation = YES;
				INFOPLIST_KEY_UISupportedInterfaceOrientations_iPad = "UIInterfaceOrientationPortrait UIInterfaceOrientationPortraitUpsideDown UIInterfaceOrientationLandscapeLeft UIInterfaceOrientationLandscapeRight";
				INFOPLIST_KEY_UISupportedInterfaceOrientations_iPhone = "UIInterfaceOrientationPortrait UIInterfaceOrientationLandscapeLeft UIInterfaceOrientationLandscapeRight";
				LD_RUNPATH_SEARCH_PATHS = (
					"$(inherited)",
					"@executable_path/Frameworks",
				);
				MARKETING_VERSION = 1.0;
				PRODUCT_BUNDLE_IDENTIFIER = com.base.FindingFalcone;
				PRODUCT_NAME = "$(TARGET_NAME)";
				SWIFT_EMIT_LOC_STRINGS = YES;
				SWIFT_VERSION = 5.0;
				TARGETED_DEVICE_FAMILY = "1,2";
			};
			name = Debug;
		};
		8C48C7432FA3F4D200E8D0E1 /* Release */ = {
			isa = XCBuildConfiguration;
			buildSettings = {
				ASSETCATALOG_COMPILER_APPICON_NAME = AppIcon;
				ASSETCATALOG_COMPILER_GLOBAL_ACCENT_COLOR_NAME = AccentColor;
				CODE_SIGN_STYLE = Automatic;
				CURRENT_PROJECT_VERSION = 1;
				DEVELOPMENT_ASSET_PATHS = "\"FindingFalcone/Preview Content\"";
				ENABLE_PREVIEWS = YES;
				GENERATE_INFOPLIST_FILE = YES;
				INFOPLIST_KEY_UIApplicationSceneManifest_Generation = YES;
				INFOPLIST_KEY_UIApplicationSupportsIndirectInputEvents = YES;
				INFOPLIST_KEY_UILaunchScreen_Generation = YES;
				INFOPLIST_KEY_UISupportedInterfaceOrientations_iPad = "UIInterfaceOrientationPortrait UIInterfaceOrientationPortraitUpsideDown UIInterfaceOrientationLandscapeLeft UIInterfaceOrientationLandscapeRight";
				INFOPLIST_KEY_UISupportedInterfaceOrientations_iPhone = "UIInterfaceOrientationPortrait UIInterfaceOrientationLandscapeLeft UIInterfaceOrientationLandscapeRight";
				LD_RUNPATH_SEARCH_PATHS = (
					"$(inherited)",
					"@executable_path/Frameworks",
				);
				MARKETING_VERSION = 1.0;
				PRODUCT_BUNDLE_IDENTIFIER = com.base.FindingFalcone;
				PRODUCT_NAME = "$(TARGET_NAME)";
				SWIFT_EMIT_LOC_STRINGS = YES;
				SWIFT_VERSION = 5.0;
				TARGETED_DEVICE_FAMILY = "1,2";
			};
			name = Release;
		};
/* End XCBuildConfiguration section */

/* Begin XCConfigurationList section */
		8C48C72E2FA3F4D000E8D0E1 /* Build configuration list for PBXProject "FindingFalcone" */ = {
			isa = XCConfigurationList;
			buildConfigurations = (
				8C48C73F2FA3F4D200E8D0E1 /* Debug */,
				8C48C7402FA3F4D200E8D0E1 /* Release */,
			);
			defaultConfigurationIsVisible = 0;
			defaultConfigurationName = Release;
		};
		8C48C7412FA3F4D200E8D0E1 /* Build configuration list for PBXNativeTarget "FindingFalcone" */ = {
			isa = XCConfigurationList;
			buildConfigurations = (
				8C48C7422FA3F4D200E8D0E1 /* Debug */,
				8C48C7432FA3F4D200E8D0E1 /* Release */,
			);
			defaultConfigurationIsVisible = 0;
			defaultConfigurationName = Release;
		};
/* End XCConfigurationList section */
	};
	rootObject = 8C48C72B2FA3F4D000E8D0E1 /* Project object */;
}
